
Microsoft Visual Studio Solution File, Format Version 12.00
# Visual Studio Version 17
VisualStudioVersion = 17.14.36408.4 d17.14
MinimumVisualStudioVersion = 10.0.40219.1
Project("{2150E333-8FDC-42A3-9474-1A3956D46DE8}") = "src", "src", "{02EA681E-C7D8-13C7-8484-4AC65E1B71E8}"
EndProject
Project("{2150E333-8FDC-42A3-9474-1A3956D46DE8}") = "API", "API", "{6B7D861F-9606-4318-9CB8-E3E78062F567}"
EndProject
Project("{2150E333-8FDC-42A3-9474-1A3956D46DE8}") = "Core", "Core", "{F219C4A3-60BE-4C00-B024-9E3A815EF4CD}"
EndProject
Project("{FAE04EC0-301F-11D3-BF4B-00C04F79EFBC}") = "Mobile_API", "..\Mobile_API\Mobile_API.csproj", "{99EBC165-E17B-4B2D-AC05-A73732F1A74A}"
EndProject
Project("{FAE04EC0-301F-11D3-BF4B-00C04F79EFBC}") = "Mobile_Core", "..\Mobile_Core\Mobile_Core.csproj", "{1692A50B-DEE4-44B8-A4AC-76D212E37326}"
EndProject
Project("{2150E333-8FDC-42A3-9474-1A3956D46DE8}") = "Infrastructure", "Infrastructure", "{0DA0063D-5E85-410D-8114-EF2D46E18B4F}"
EndProject
Project("{FAE04EC0-301F-11D3-BF4B-00C04F79EFBC}") = "Mobile_Infrastructure", "..\Mobile_Infrastructure\Mobile_Infrastructure.csproj", "{CAFD4B0D-CAF8-495A-845F-54F8205A5321}"
EndProject
Project("{2150E333-8FDC-42A3-9474-1A3956D46DE8}") = "Utility", "Utility", "{51CBA0FB-A5CA-4DD0-B3D0-E71EAE955891}"
EndProject
Project("{FAE04EC0-301F-11D3-BF4B-00C04F79EFBC}") = "Mobile_Utility", "..\Mobile_Utility\Mobile_Utility.csproj", "{25E5C1CB-9535-4743-A635-B6E480FD08F1}"
EndProject
Global
	GlobalSection(SolutionConfigurationPlatforms) = preSolution
		Debug|Any CPU = Debug|Any CPU
		Release|Any CPU = Release|Any CPU
	EndGlobalSection
	GlobalSection(ProjectConfigurationPlatforms) = postSolution
		{99EBC165-E17B-4B2D-AC05-A73732F1A74A}.Debug|Any CPU.ActiveCfg = Debug|Any CPU
		{99EBC165-E17B-4B2D-AC05-A73732F1A74A}.Debug|Any CPU.Build.0 = Debug|Any CPU
		{99EBC165-E17B-4B2D-AC05-A73732F1A74A}.Release|Any CPU.ActiveCfg = Release|Any CPU
		{99EBC165-E17B-4B2D-AC05-A73732F1A74A}.Release|Any CPU.Build.0 = Release|Any CPU
		{1692A50B-DEE4-44B8-A4AC-76D212E37326}.Debug|Any CPU.ActiveCfg = Debug|Any CPU
		{1692A50B-DEE4-44B8-A4AC-76D212E37326}.Debug|Any CPU.Build.0 = Debug|Any CPU
		{1692A50B-DEE4-44B8-A4AC-76D212E37326}.Release|Any CPU.ActiveCfg = Release|Any CPU
		{1692A50B-DEE4-44B8-A4AC-76D212E37326}.Release|Any CPU.Build.0 = Release|Any CPU
		{CAFD4B0D-CAF8-495A-845F-54F8205A5321}.Debug|Any CPU.ActiveCfg = Debug|Any CPU
		{CAFD4B0D-CAF8-495A-845F-54F8205A5321}.Debug|Any CPU.Build.0 = Debug|Any CPU
		{CAFD4B0D-CAF8-495A-845F-54F8205A5321}.Release|Any CPU.ActiveCfg = Release|Any CPU
		{CAFD4B0D-CAF8-495A-845F-54F8205A5321}.Release|Any CPU.Build.0 = Release|Any CPU
		{25E5C1CB-9535-4743-A635-B6E480FD08F1}.Debug|Any CPU.ActiveCfg = Debug|Any CPU
		{25E5C1CB-9535-4743-A635-B6E480FD08F1}.Debug|Any CPU.Build.0 = Debug|Any CPU
		{25E5C1CB-9535-4743-A635-B6E480FD08F1}.Release|Any CPU.ActiveCfg = Release|Any CPU
		{25E5C1CB-9535-4743-A635-B6E480FD08F1}.Release|Any CPU.Build.0 = Release|Any CPU
	EndGlobalSection
	GlobalSection(SolutionProperties) = preSolution
		HideSolutionNode = FALSE
	EndGlobalSection
	GlobalSection(NestedProjects) = preSolution
		{6B7D861F-9606-4318-9CB8-E3E78062F567} = {02EA681E-C7D8-13C7-8484-4AC65E1B71E8}
		{F219C4A3-60BE-4C00-B024-9E3A815EF4CD} = {02EA681E-C7D8-13C7-8484-4AC65E1B71E8}
		{99EBC165-E17B-4B2D-AC05-A73732F1A74A} = {6B7D861F-9606-4318-9CB8-E3E78062F567}
		{1692A50B-DEE4-44B8-A4AC-76D212E37326} = {F219C4A3-60BE-4C00-B024-9E3A815EF4CD}
		{0DA0063D-5E85-410D-8114-EF2D46E18B4F} = {02EA681E-C7D8-13C7-8484-4AC65E1B71E8}
		{CAFD4B0D-CAF8-495A-845F-54F8205A5321} = {0DA0063D-5E85-410D-8114-EF2D46E18B4F}
		{51CBA0FB-A5CA-4DD0-B3D0-E71EAE955891} = {02EA681E-C7D8-13C7-8484-4AC65E1B71E8}
		{25E5C1CB-9535-4743-A635-B6E480FD08F1} = {51CBA0FB-A5CA-4DD0-B3D0-E71EAE955891}
	EndGlobalSection
	GlobalSection(ExtensibilityGlobals) = postSolution
		SolutionGuid = {1F2EDAAD-E519-45D1-B123-781361437448}
	EndGlobalSection
EndGlobal
